// !$*UTF8*$!
{
	archiveVersion = 1;
	classes = {
	};
	objectVersion = 77;
	objects = {

/* Begin PBXBuildFile section */
		111C62982D86CB37002FBD25 /* Preview Assets.xcassets in Resources */ = {isa = PBXBuildFile; fileRef = 111C62922D86CB37002FBD25 /* Preview Assets.xcassets */; };
		111C62992D86CB37002FBD25 /* Assets.xcassets in Resources */ = {isa = PBXBuildFile; fileRef = 111C62952D86CB37002FBD25 /* Assets.xcassets */; };
		111C629A2D86CB37002FBD25 /* AirBnBCloneApp.swift in Sources */ = {isa = PBXBuildFile; fileRef = 111C62942D86CB37002FBD25 /* AirBnBCloneApp.swift */; };
		111C629B2D86CB37002FBD25 /* ContentView.swift in Sources */ = {isa = PBXBuildFile; fileRef = 111C62962D86CB37002FBD25 /* ContentView.swift */; };
		114C35192D885CE000E2B8D0 /* ListingItemView.swift in Sources */ = {isa = PBXBuildFile; fileRef = 114C35182D885CE000E2B8D0 /* ListingItemView.swift */; };
		11A8E4702D86CE0800841FE6 /* ExploreView.swift in Sources */ = {isa = PBXBuildFile; fileRef = 11A8E46F2D86CE0800841FE6 /* ExploreView.swift */; };
		11CCF9812D88B6FC004496EE /* SearchAndFilterBar.swift in Sources */ = {isa = PBXBuildFile; fileRef = 11CCF9802D88B6FC004496EE /* SearchAndFilterBar.swift */; };
/* End PBXBuildFile section */

/* Begin PBXFileReference section */
		111C62812D86CB27002FBD25 /* AirBnBClone.app */ = {isa = PBXFileReference; explicitFileType = wrapper.application; includeInIndex = 0; path = AirBnBClone.app; sourceTree = BUILT_PRODUCTS_DIR; };
		111C62922D86CB37002FBD25 /* Preview Assets.xcassets */ = {isa = PBXFileReference; lastKnownFileType = folder.assetcatalog; path = "Preview Assets.xcassets"; sourceTree = "<group>"; };
		111C62942D86CB37002FBD25 /* AirBnBCloneApp.swift */ = {isa = PBXFileReference; lastKnownFileType = sourcecode.swift; path = AirBnBCloneApp.swift; sourceTree = "<group>"; };
		111C62952D86CB37002FBD25 /* Assets.xcassets */ = {isa = PBXFileReference; lastKnownFileType = folder.assetcatalog; path = Assets.xcassets; sourceTree = "<group>"; };
		111C62962D86CB37002FBD25 /* ContentView.swift */ = {isa = PBXFileReference; lastKnownFileType = sourcecode.swift; path = ContentView.swift; sourceTree = "<group>"; };
		114C35182D885CE000E2B8D0 /* ListingItemView.swift */ = {isa = PBXFileReference; lastKnownFileType = sourcecode.swift; path = ListingItemView.swift; sourceTree = "<group>"; };
		11A8E46F2D86CE0800841FE6 /* ExploreView.swift */ = {isa = PBXFileReference; lastKnownFileType = sourcecode.swift; path = ExploreView.swift; sourceTree = "<group>"; };
		11CCF9802D88B6FC004496EE /* SearchAndFilterBar.swift */ = {isa = PBXFileReference; lastKnownFileType = sourcecode.swift; path = SearchAndFilterBar.swift; sourceTree = "<group>"; };
/* End PBXFileReference section */

/* Begin PBXFrameworksBuildPhase section */
		111C627E2D86CB27002FBD25 /* Frameworks */ = {
			isa = PBXFrameworksBuildPhase;
			buildActionMask = 2147483647;
			files = (
			);
			runOnlyForDeploymentPostprocessing = 0;
		};
/* End PBXFrameworksBuildPhase section */

/* Begin PBXGroup section */
		111C62782D86CB27002FBD25 = {
			isa = PBXGroup;
			children = (
				111C62972D86CB37002FBD25 /* AirBnBClone */,
				111C62822D86CB27002FBD25 /* Products */,
			);
			sourceTree = "<group>";
		};
		111C62822D86CB27002FBD25 /* Products */ = {
			isa = PBXGroup;
			children = (
				111C62812D86CB27002FBD25 /* AirBnBClone.app */,
			);
			name = Products;
			sourceTree = "<group>";
		};
		111C62932D86CB37002FBD25 /* Preview Content */ = {
			isa = PBXGroup;
			children = (
				111C62922D86CB37002FBD25 /* Preview Assets.xcassets */,
			);
			path = "Preview Content";
			sourceTree = "<group>";
		};
		111C62972D86CB37002FBD25 /* AirBnBClone */ = {
			isa = PBXGroup;
			children = (
				11A8E4622D86CBC900841FE6 /* App */,
				11A8E4642D86CBD600841FE6 /* Core */,
				11A8E4652D86CBFD00841FE6 /* Extensions */,
				11A8E4662D86CC0300841FE6 /* Models */,
				11A8E4672D86CC1100841FE6 /* Utilities */,
				111C62932D86CB37002FBD25 /* Preview Content */,
				111C62952D86CB37002FBD25 /* Assets.xcassets */,
				111C62962D86CB37002FBD25 /* ContentView.swift */,
			);
			path = AirBnBClone;
			sourceTree = "<group>";
		};
		11A8E4622D86CBC900841FE6 /* App */ = {
			isa = PBXGroup;
			children = (
				111C62942D86CB37002FBD25 /* AirBnBCloneApp.swift */,
			);
			path = App;
			sourceTree = "<group>";
		};
		11A8E4642D86CBD600841FE6 /* Core */ = {
			isa = PBXGroup;
			children = (
				11A8E4682D86CC3B00841FE6 /* Explore */,
				11A8E4692D86CC4500841FE6 /* Listings */,
				11A8E46A2D86CC4E00841FE6 /* MapView */,
				11A8E46B2D86CC5800841FE6 /* Profile */,
				11A8E46C2D86CC5D00841FE6 /* Root */,
				11A8E46D2D86CC6400841FE6 /* TabBar */,
				11A8E46E2D86CC6E00841FE6 /* Wishlists */,
			);
			path = Core;
			sourceTree = "<group>";
		};
		11A8E4652D86CBFD00841FE6 /* Extensions */ = {
			isa = PBXGroup;
			children = (
			);
			path = Extensions;
			sourceTree = "<group>";
		};
		11A8E4662D86CC0300841FE6 /* Models */ = {
			isa = PBXGroup;
			children = (
			);
			path = Models;
			sourceTree = "<group>";
		};
		11A8E4672D86CC1100841FE6 /* Utilities */ = {
			isa = PBXGroup;
			children = (
			);
			path = Utilities;
			sourceTree = "<group>";
		};
		11A8E4682D86CC3B00841FE6 /* Explore */ = {
			isa = PBXGroup;
			children = (
				11A8E46F2D86CE0800841FE6 /* ExploreView.swift */,
				11CCF9802D88B6FC004496EE /* SearchAndFilterBar.swift */,
			);
			path = Explore;
			sourceTree = "<group>";
		};
		11A8E4692D86CC4500841FE6 /* Listings */ = {
			isa = PBXGroup;
			children = (
				114C35182D885CE000E2B8D0 /* ListingItemView.swift */,
			);
			path = Listings;
			sourceTree = "<group>";
		};
		11A8E46A2D86CC4E00841FE6 /* MapView */ = {
			isa = PBXGroup;
			children = (
			);
			path = MapView;
			sourceTree = "<group>";
		};
		11A8E46B2D86CC5800841FE6 /* Profile */ = {
			isa = PBXGroup;
			children = (
			);
			path = Profile;
			sourceTree = "<group>";
		};
		11A8E46C2D86CC5D00841FE6 /* Root */ = {
			isa = PBXGroup;
			children = (
			);
			path = Root;
			sourceTree = "<group>";
		};
		11A8E46D2D86CC6400841FE6 /* TabBar */ = {
			isa = PBXGroup;
			children = (
			);
			path = TabBar;
			sourceTree = "<group>";
		};
		11A8E46E2D86CC6E00841FE6 /* Wishlists */ = {
			isa = PBXGroup;
			children = (
			);
			path = Wishlists;
			sourceTree = "<group>";
		};
/* End PBXGroup section */

/* Begin PBXNativeTarget section */
		111C62802D86CB27002FBD25 /* AirBnBClone */ = {
			isa = PBXNativeTarget;
			buildConfigurationList = 111C628F2D86CB28002FBD25 /* Build configuration list for PBXNativeTarget "AirBnBClone" */;
			buildPhases = (
				111C627D2D86CB27002FBD25 /* Sources */,
				111C627E2D86CB27002FBD25 /* Frameworks */,
				111C627F2D86CB27002FBD25 /* Resources */,
			);
			buildRules = (
			);
			dependencies = (
			);
			name = AirBnBClone;
			packageProductDependencies = (
			);
			productName = AirBnBClone;
			productReference = 111C62812D86CB27002FBD25 /* AirBnBClone.app */;
			productType = "com.apple.product-type.application";
		};
/* End PBXNativeTarget section */

/* Begin PBXProject section */
		111C62792D86CB27002FBD25 /* Project object */ = {
			isa = PBXProject;
			attributes = {
				BuildIndependentTargetsInParallel = 1;
				LastSwiftUpdateCheck = 1610;
				LastUpgradeCheck = 1610;
				TargetAttributes = {
					111C62802D86CB27002FBD25 = {
						CreatedOnToolsVersion = 16.1;
					};
				};
			};
			buildConfigurationList = 111C627C2D86CB27002FBD25 /* Build configuration list for PBXProject "AirBnBClone" */;
			developmentRegion = en;
			hasScannedForEncodings = 0;
			knownRegions = (
				en,
				Base,
			);
			mainGroup = 111C62782D86CB27002FBD25;
			minimizedProjectReferenceProxies = 1;
			preferredProjectObjectVersion = 77;
			productRefGroup = 111C62822D86CB27002FBD25 /* Products */;
			projectDirPath = "";
			projectRoot = "";
			targets = (
				111C62802D86CB27002FBD25 /* AirBnBClone */,
			);
		};
/* End PBXProject section */

/* Begin PBXResourcesBuildPhase section */
		111C627F2D86CB27002FBD25 /* Resources */ = {
			isa = PBXResourcesBuildPhase;
			buildActionMask = 2147483647;
			files = (
				111C62982D86CB37002FBD25 /* Preview Assets.xcassets in Resources */,
				111C62992D86CB37002FBD25 /* Assets.xcassets in Resources */,
			);
			runOnlyForDeploymentPostprocessing = 0;
		};
/* End PBXResourcesBuildPhase section */

/* Begin PBXSourcesBuildPhase section */
		111C627D2D86CB27002FBD25 /* Sources */ = {
			isa = PBXSourcesBuildPhase;
			buildActionMask = 2147483647;
			files = (
				114C35192D885CE000E2B8D0 /* ListingItemView.swift in Sources */,
				111C629A2D86CB37002FBD25 /* AirBnBCloneApp.swift in Sources */,
				11A8E4702D86CE0800841FE6 /* ExploreView.swift in Sources */,
				11CCF9812D88B6FC004496EE /* SearchAndFilterBar.swift in Sources */,
				111C629B2D86CB37002FBD25 /* ContentView.swift in Sources */,
			);
			runOnlyForDeploymentPostprocessing = 0;
		};
/* End PBXSourcesBuildPhase section */

/* Begin XCBuildConfiguration section */
		111C628D2D86CB28002FBD25 /* Debug */ = {
			isa = XCBuildConfiguration;
			buildSettings = {
				ALWAYS_SEARCH_USER_PATHS = NO;
				ASSETCATALOG_COMPILER_GENERATE_SWIFT_ASSET_SYMBOL_EXTENSIONS = YES;
				CLANG_ANALYZER_NONNULL = YES;
				CLANG_ANALYZER_NUMBER_OBJECT_CONVERSION = YES_AGGRESSIVE;
				CLANG_CXX_LANGUAGE_STANDARD = "gnu++20";
				CLANG_ENABLE_MODULES = YES;
				CLANG_ENABLE_OBJC_ARC = YES;
				CLANG_ENABLE_OBJC_WEAK = YES;
				CLANG_WARN_BLOCK_CAPTURE_AUTORELEASING = YES;
				CLANG_WARN_BOOL_CONVERSION = YES;
				CLANG_WARN_COMMA = YES;
				CLANG_WARN_CONSTANT_CONVERSION = YES;
				CLANG_WARN_DEPRECATED_OBJC_IMPLEMENTATIONS = YES;
				CLANG_WARN_DIRECT_OBJC_ISA_USAGE = YES_ERROR;
				CLANG_WARN_DOCUMENTATION_COMMENTS = YES;
				CLANG_WARN_EMPTY_BODY = YES;
				CLANG_WARN_ENUM_CONVERSION = YES;
				CLANG_WARN_INFINITE_RECURSION = YES;
				CLANG_WARN_INT_CONVERSION = YES;
				CLANG_WARN_NON_LITERAL_NULL_CONVERSION = YES;
				CLANG_WARN_OBJC_IMPLICIT_RETAIN_SELF = YES;
				CLANG_WARN_OBJC_LITERAL_CONVERSION = YES;
				CLANG_WARN_OBJC_ROOT_CLASS = YES_ERROR;
				CLANG_WARN_QUOTED_INCLUDE_IN_FRAMEWORK_HEADER = YES;
				CLANG_WARN_RANGE_LOOP_ANALYSIS = YES;
				CLANG_WARN_STRICT_PROTOTYPES = YES;
				CLANG_WARN_SUSPICIOUS_MOVE = YES;
				CLANG_WARN_UNGUARDED_AVAILABILITY = YES_AGGRESSIVE;
				CLANG_WARN_UNREACHABLE_CODE = YES;
				CLANG_WARN__DUPLICATE_METHOD_MATCH = YES;
				COPY_PHASE_STRIP = NO;
				DEBUG_INFORMATION_FORMAT = dwarf;
				ENABLE_STRICT_OBJC_MSGSEND = YES;
				ENABLE_TESTABILITY = YES;
				ENABLE_USER_SCRIPT_SANDBOXING = YES;
				GCC_C_LANGUAGE_STANDARD = gnu17;
				GCC_DYNAMIC_NO_PIC = NO;
				GCC_NO_COMMON_BLOCKS = YES;
				GCC_OPTIMIZATION_LEVEL = 0;
				GCC_PREPROCESSOR_DEFINITIONS = (
					"DEBUG=1",
					"$(inherited)",
				);
				GCC_WARN_64_TO_32_BIT_CONVERSION = YES;
				GCC_WARN_ABOUT_RETURN_TYPE = YES_ERROR;
				GCC_WARN_UNDECLARED_SELECTOR = YES;
				GCC_WARN_UNINITIALIZED_AUTOS = YES_AGGRESSIVE;
				GCC_WARN_UNUSED_FUNCTION = YES;
				GCC_WARN_UNUSED_VARIABLE = YES;
				IPHONEOS_DEPLOYMENT_TARGET = 18.1;
				LOCALIZATION_PREFERS_STRING_CATALOGS = YES;
				MTL_ENABLE_DEBUG_INFO = INCLUDE_SOURCE;
				MTL_FAST_MATH = YES;
				ONLY_ACTIVE_ARCH = YES;
				SDKROOT = iphoneos;
				SWIFT_ACTIVE_COMPILATION_CONDITIONS = "DEBUG $(inherited)";
				SWIFT_OPTIMIZATION_LEVEL = "-Onone";
			};
			name = Debug;
		};
		111C628E2D86CB28002FBD25 /* Release */ = {
			isa = XCBuildConfiguration;
			buildSettings = {
				ALWAYS_SEARCH_USER_PATHS = NO;
				ASSETCATALOG_COMPILER_GENERATE_SWIFT_ASSET_SYMBOL_EXTENSIONS = YES;
				CLANG_ANALYZER_NONNULL = YES;
				CLANG_ANALYZER_NUMBER_OBJECT_CONVERSION = YES_AGGRESSIVE;
				CLANG_CXX_LANGUAGE_STANDARD = "gnu++20";
				CLANG_ENABLE_MODULES = YES;
				CLANG_ENABLE_OBJC_ARC = YES;
				CLANG_ENABLE_OBJC_WEAK = YES;
				CLANG_WARN_BLOCK_CAPTURE_AUTORELEASING = YES;
				CLANG_WARN_BOOL_CONVERSION = YES;
				CLANG_WARN_COMMA = YES;
				CLANG_WARN_CONSTANT_CONVERSION = YES;
				CLANG_WARN_DEPRECATED_OBJC_IMPLEMENTATIONS = YES;
				CLANG_WARN_DIRECT_OBJC_ISA_USAGE = YES_ERROR;
				CLANG_WARN_DOCUMENTATION_COMMENTS = YES;
				CLANG_WARN_EMPTY_BODY = YES;
				CLANG_WARN_ENUM_CONVERSION = YES;
				CLANG_WARN_INFINITE_RECURSION = YES;
				CLANG_WARN_INT_CONVERSION = YES;
				CLANG_WARN_NON_LITERAL_NULL_CONVERSION = YES;
				CLANG_WARN_OBJC_IMPLICIT_RETAIN_SELF = YES;
				CLANG_WARN_OBJC_LITERAL_CONVERSION = YES;
				CLANG_WARN_OBJC_ROOT_CLASS = YES_ERROR;
				CLANG_WARN_QUOTED_INCLUDE_IN_FRAMEWORK_HEADER = YES;
				CLANG_WARN_RANGE_LOOP_ANALYSIS = YES;
				CLANG_WARN_STRICT_PROTOTYPES = YES;
				CLANG_WARN_SUSPICIOUS_MOVE = YES;
				CLANG_WARN_UNGUARDED_AVAILABILITY = YES_AGGRESSIVE;
				CLANG_WARN_UNREACHABLE_CODE = YES;
				CLANG_WARN__DUPLICATE_METHOD_MATCH = YES;
				COPY_PHASE_STRIP = NO;
				DEBUG_INFORMATION_FORMAT = "dwarf-with-dsym";
				ENABLE_NS_ASSERTIONS = NO;
				ENABLE_STRICT_OBJC_MSGSEND = YES;
				ENABLE_USER_SCRIPT_SANDBOXING = YES;
				GCC_C_LANGUAGE_STANDARD = gnu17;
				GCC_NO_COMMON_BLOCKS = YES;
				GCC_WARN_64_TO_32_BIT_CONVERSION = YES;
				GCC_WARN_ABOUT_RETURN_TYPE = YES_ERROR;
				GCC_WARN_UNDECLARED_SELECTOR = YES;
				GCC_WARN_UNINITIALIZED_AUTOS = YES_AGGRESSIVE;
				GCC_WARN_UNUSED_FUNCTION = YES;
				GCC_WARN_UNUSED_VARIABLE = YES;
				IPHONEOS_DEPLOYMENT_TARGET = 18.1;
				LOCALIZATION_PREFERS_STRING_CATALOGS = YES;
				MTL_ENABLE_DEBUG_INFO = NO;
				MTL_FAST_MATH = YES;
				SDKROOT = iphoneos;
				SWIFT_COMPILATION_MODE = wholemodule;
				VALIDATE_PRODUCT = YES;
			};
			name = Release;
		};
		111C62902D86CB28002FBD25 /* Debug */ = {
			isa = XCBuildConfiguration;
			buildSettings = {
				ASSETCATALOG_COMPILER_APPICON_NAME = AppIcon;
				ASSETCATALOG_COMPILER_GLOBAL_ACCENT_COLOR_NAME = AccentColor;
				CODE_SIGN_STYLE = Automatic;
				CURRENT_PROJECT_VERSION = 1;
				DEVELOPMENT_ASSET_PATHS = "\"AirBnBClone/Preview Content\"";
				DEVELOPMENT_TEAM = PA2PS9S3T4;
				ENABLE_PREVIEWS = YES;
				GENERATE_INFOPLIST_FILE = YES;
				INFOPLIST_KEY_UIApplicationSceneManifest_Generation = YES;
				INFOPLIST_KEY_UIApplicationSupportsIndirectInputEvents = YES;
				INFOPLIST_KEY_UILaunchScreen_Generation = YES;
				INFOPLIST_KEY_UISupportedInterfaceOrientations_iPad = "UIInterfaceOrientationPortrait UIInterfaceOrientationPortraitUpsideDown UIInterfaceOrientationLandscapeLeft UIInterfaceOrientationLandscapeRight";
				INFOPLIST_KEY_UISupportedInterfaceOrientations_iPhone = "UIInterfaceOrientationPortrait UIInterfaceOrientationLandscapeLeft UIInterfaceOrientationLandscapeRight";
				LD_RUNPATH_SEARCH_PATHS = (
					"$(inherited)",
					"@executable_path/Frameworks",
				);
				MARKETING_VERSION = 1.0;
				PRODUCT_BUNDLE_IDENTIFIER = me.troy.AirBnBClone;
				PRODUCT_NAME = "$(TARGET_NAME)";
				SWIFT_EMIT_LOC_STRINGS = YES;
				SWIFT_VERSION = 5.0;
				TARGETED_DEVICE_FAMILY = "1,2";
			};
			name = Debug;
		};
		111C62912D86CB28002FBD25 /* Release */ = {
			isa = XCBuildConfiguration;
			buildSettings = {
				ASSETCATALOG_COMPILER_APPICON_NAME = AppIcon;
				ASSETCATALOG_COMPILER_GLOBAL_ACCENT_COLOR_NAME = AccentColor;
				CODE_SIGN_STYLE = Automatic;
				CURRENT_PROJECT_VERSION = 1;
				DEVELOPMENT_ASSET_PATHS = "\"AirBnBClone/Preview Content\"";
				DEVELOPMENT_TEAM = PA2PS9S3T4;
				ENABLE_PREVIEWS = YES;
				GENERATE_INFOPLIST_FILE = YES;
				INFOPLIST_KEY_UIApplicationSceneManifest_Generation = YES;
				INFOPLIST_KEY_UIApplicationSupportsIndirectInputEvents = YES;
				INFOPLIST_KEY_UILaunchScreen_Generation = YES;
				INFOPLIST_KEY_UISupportedInterfaceOrientations_iPad = "UIInterfaceOrientationPortrait UIInterfaceOrientationPortraitUpsideDown UIInterfaceOrientationLandscapeLeft UIInterfaceOrientationLandscapeRight";
				INFOPLIST_KEY_UISupportedInterfaceOrientations_iPhone = "UIInterfaceOrientationPortrait UIInterfaceOrientationLandscapeLeft UIInterfaceOrientationLandscapeRight";
				LD_RUNPATH_SEARCH_PATHS = (
					"$(inherited)",
					"@executable_path/Frameworks",
				);
				MARKETING_VERSION = 1.0;
				PRODUCT_BUNDLE_IDENTIFIER = me.troy.AirBnBClone;
				PRODUCT_NAME = "$(TARGET_NAME)";
				SWIFT_EMIT_LOC_STRINGS = YES;
				SWIFT_VERSION = 5.0;
				TARGETED_DEVICE_FAMILY = "1,2";
			};
			name = Release;
		};
/* End XCBuildConfiguration section */

/* Begin XCConfigurationList section */
		111C627C2D86CB27002FBD25 /* Build configuration list for PBXProject "AirBnBClone" */ = {
			isa = XCConfigurationList;
			buildConfigurations = (
				111C628D2D86CB28002FBD25 /* Debug */,
				111C628E2D86CB28002FBD25 /* Release */,
			);
			defaultConfigurationIsVisible = 0;
			defaultConfigurationName = Release;
		};
		111C628F2D86CB28002FBD25 /* Build configuration list for PBXNativeTarget "AirBnBClone" */ = {
			isa = XCConfigurationList;
			buildConfigurations = (
				111C62902D86CB28002FBD25 /* Debug */,
				111C62912D86CB28002FBD25 /* Release */,
			);
			defaultConfigurationIsVisible = 0;
			defaultConfigurationName = Release;
		};
/* End XCConfigurationList section */
	};
	rootObject = 111C62792D86CB27002FBD25 /* Project object */;
}
